
Microsoft Visual Studio Solution File, Format Version 12.00
# Visual Studio Version 17
VisualStudioVersion = 17.10.35027.167
MinimumVisualStudioVersion = 10.0.40219.1
Project("{FAE04EC0-301F-11D3-BF4B-00C04F79EFBC}") = "ConsoleApp3", "ConsoleApp3\ConsoleApp3.csproj", "{F93ECF86-3106-4409-9FAE-CD4AE350482D}"
EndProject
Global
	GlobalSection(SolutionConfigurationPlatforms) = preSolution
		Debug|Any CPU = Debug|Any CPU
		Release|Any CPU = Release|Any CPU
	EndGlobalSection
	GlobalSection(ProjectConfigurationPlatforms) = postSolution
		{F93ECF86-3106-4409-9FAE-CD4AE350482D}.Debug|Any CPU.ActiveCfg = Debug|Any CPU
		{F93ECF86-3106-4409-9FAE-CD4AE350482D}.Debug|Any CPU.Build.0 = Debug|Any CPU
		{F93ECF86-3106-4409-9FAE-CD4AE350482D}.Release|Any CPU.ActiveCfg = Release|Any CPU
		{F93ECF86-3106-4409-9FAE-CD4AE350482D}.Release|Any CPU.Build.0 = Release|Any CPU
	EndGlobalSection
	GlobalSection(SolutionProperties) = preSolution
		HideSolutionNode = FALSE
	EndGlobalSection
	GlobalSection(ExtensibilityGlobals) = postSolution
		SolutionGuid = {8630B078-C77E-480C-9A8F-EADDC8EAA5BB}
	EndGlobalSection
EndGlobal
